
Microsoft Visual Studio Solution File, Format Version 12.00
# Visual Studio Version 16
VisualStudioVersion = 16.0.31729.503
MinimumVisualStudioVersion = 10.0.40219.1
Project("{FAE04EC0-301F-11D3-BF4B-00C04F79EFBC}") = "ClientProxyForm-P5-20190140059", "ClientProxyForm-P5-20190140059.csproj", "{90E97065-6999-469C-AB71-6736642588DE}"
EndProject
Global
	GlobalSection(SolutionConfigurationPlatforms) = preSolution
		Debug|Any CPU = Debug|Any CPU
		Release|Any CPU = Release|Any CPU
	EndGlobalSection
	GlobalSection(ProjectConfigurationPlatforms) = postSolution
		{90E97065-6999-469C-AB71-6736642588DE}.Debug|Any CPU.ActiveCfg = Debug|Any CPU
		{90E97065-6999-469C-AB71-6736642588DE}.Debug|Any CPU.Build.0 = Debug|Any CPU
		{90E97065-6999-469C-AB71-6736642588DE}.Release|Any CPU.ActiveCfg = Release|Any CPU
		{90E97065-6999-469C-AB71-6736642588DE}.Release|Any CPU.Build.0 = Release|Any CPU
	EndGlobalSection
	GlobalSection(SolutionProperties) = preSolution
		HideSolutionNode = FALSE
	EndGlobalSection
	GlobalSection(ExtensibilityGlobals) = postSolution
		SolutionGuid = {3021BCBB-E48F-4EEE-930E-DBD71470011F}
	EndGlobalSection
EndGlobal
